
Microsoft Visual Studio Solution File, Format Version 12.00
# Visual Studio Version 16
VisualStudioVersion = 16.0.31005.135
MinimumVisualStudioVersion = 10.0.40219.1
Project("{8BC9CEB8-8B4A-11D0-8D11-00A0C91BC942}") = "Tema1-Vigenere", "Tema1-Vigenere\Tema1-Vigenere.vcxproj", "{0B8BAF89-A26A-4DAD-9C88-D6AA0A526DDC}"
EndProject
Global
	GlobalSection(SolutionConfigurationPlatforms) = preSolution
		Debug|x64 = Debug|x64
		Debug|x86 = Debug|x86
		Release|x64 = Release|x64
		Release|x86 = Release|x86
	EndGlobalSection
	GlobalSection(ProjectConfigurationPlatforms) = postSolution
		{0B8BAF89-A26A-4DAD-9C88-D6AA0A526DDC}.Debug|x64.ActiveCfg = Debug|x64
		{0B8BAF89-A26A-4DAD-9C88-D6AA0A526DDC}.Debug|x64.Build.0 = Debug|x64
		{0B8BAF89-A26A-4DAD-9C88-D6AA0A526DDC}.Debug|x86.ActiveCfg = Debug|Win32
		{0B8BAF89-A26A-4DAD-9C88-D6AA0A526DDC}.Debug|x86.Build.0 = Debug|Win32
		{0B8BAF89-A26A-4DAD-9C88-D6AA0A526DDC}.Release|x64.ActiveCfg = Release|x64
		{0B8BAF89-A26A-4DAD-9C88-D6AA0A526DDC}.Release|x64.Build.0 = Release|x64
		{0B8BAF89-A26A-4DAD-9C88-D6AA0A526DDC}.Release|x86.ActiveCfg = Release|Win32
		{0B8BAF89-A26A-4DAD-9C88-D6AA0A526DDC}.Release|x86.Build.0 = Release|Win32
	EndGlobalSection
	GlobalSection(SolutionProperties) = preSolution
		HideSolutionNode = FALSE
	EndGlobalSection
	GlobalSection(ExtensibilityGlobals) = postSolution
		SolutionGuid = {BE4CAE18-C83B-4CA8-A14F-7A8905553B49}
	EndGlobalSection
EndGlobal
